
Microsoft Visual Studio Solution File, Format Version 12.00
# Visual Studio Version 17
VisualStudioVersion = 17.7.34031.279
MinimumVisualStudioVersion = 10.0.40219.1
Project("{FAE04EC0-301F-11D3-BF4B-00C04F79EFBC}") = "Setup", "Setup\Setup.csproj", "{1A193271-F8C6-4061-9364-5BE29407907D}"
EndProject
Global
	GlobalSection(SolutionConfigurationPlatforms) = preSolution
		Debug|Any CPU = Debug|Any CPU
		Release|Any CPU = Release|Any CPU
	EndGlobalSection
	GlobalSection(ProjectConfigurationPlatforms) = postSolution
		{1A193271-F8C6-4061-9364-5BE29407907D}.Debug|Any CPU.ActiveCfg = Debug|Any CPU
		{1A193271-F8C6-4061-9364-5BE29407907D}.Debug|Any CPU.Build.0 = Debug|Any CPU
		{1A193271-F8C6-4061-9364-5BE29407907D}.Release|Any CPU.ActiveCfg = Release|Any CPU
		{1A193271-F8C6-4061-9364-5BE29407907D}.Release|Any CPU.Build.0 = Release|Any CPU
	EndGlobalSection
	GlobalSection(SolutionProperties) = preSolution
		HideSolutionNode = FALSE
	EndGlobalSection
	GlobalSection(ExtensibilityGlobals) = postSolution
		SolutionGuid = {B8735FC5-4D69-4D6A-A460-0EAB9F30C34B}
	EndGlobalSection
EndGlobal
